
Microsoft Visual Studio Solution File, Format Version 12.00
# Visual Studio Version 17
VisualStudioVersion = 17.12.35527.113 d17.12
MinimumVisualStudioVersion = 10.0.40219.1
Project("{FAE04EC0-301F-11D3-BF4B-00C04F79EFBC}") = "assignment3", "assignment3.csproj", "{37D76945-7CA3-4163-8B07-56F702B10D58}"
EndProject
Global
	GlobalSection(SolutionConfigurationPlatforms) = preSolution
		Debug|Any CPU = Debug|Any CPU
		Release|Any CPU = Release|Any CPU
	EndGlobalSection
	GlobalSection(ProjectConfigurationPlatforms) = postSolution
		{37D76945-7CA3-4163-8B07-56F702B10D58}.Debug|Any CPU.ActiveCfg = Debug|Any CPU
		{37D76945-7CA3-4163-8B07-56F702B10D58}.Debug|Any CPU.Build.0 = Debug|Any CPU
		{37D76945-7CA3-4163-8B07-56F702B10D58}.Release|Any CPU.ActiveCfg = Release|Any CPU
		{37D76945-7CA3-4163-8B07-56F702B10D58}.Release|Any CPU.Build.0 = Release|Any CPU
	EndGlobalSection
	GlobalSection(SolutionProperties) = preSolution
		HideSolutionNode = FALSE
	EndGlobalSection
EndGlobal
